
Microsoft Visual Studio Solution File, Format Version 12.00
# Visual Studio Version 16
VisualStudioVersion = 16.0.29728.190
MinimumVisualStudioVersion = 10.0.40219.1
Project("{FAE04EC0-301F-11D3-BF4B-00C04F79EFBC}") = "Account.Infrastructure", "Account.Infrastructure\Account.Infrastructure.csproj", "{32B284E8-334A-4E56-8497-AFA01CA7364F}"
EndProject
Project("{FAE04EC0-301F-11D3-BF4B-00C04F79EFBC}") = "Account.Test", "Account.Test\Account.Test.csproj", "{7CB1D167-C5A0-45CF-A720-576FD243EA02}"
EndProject
Project("{FAE04EC0-301F-11D3-BF4B-00C04F79EFBC}") = "Account.API", "Account.API\Account.API.csproj", "{CAE875D5-F960-47EF-993A-8E26674081E7}"
EndProject
Project("{FAE04EC0-301F-11D3-BF4B-00C04F79EFBC}") = "Account.Domain", "Account.Domain\Account.Domain.csproj", "{031A2201-4EE8-4744-A271-5B34D4D766E0}"
EndProject
Global
	GlobalSection(SolutionConfigurationPlatforms) = preSolution
		Debug|Any CPU = Debug|Any CPU
		Release|Any CPU = Release|Any CPU
	EndGlobalSection
	GlobalSection(ProjectConfigurationPlatforms) = postSolution
		{32B284E8-334A-4E56-8497-AFA01CA7364F}.Debug|Any CPU.ActiveCfg = Debug|Any CPU
		{32B284E8-334A-4E56-8497-AFA01CA7364F}.Debug|Any CPU.Build.0 = Debug|Any CPU
		{32B284E8-334A-4E56-8497-AFA01CA7364F}.Release|Any CPU.ActiveCfg = Release|Any CPU
		{32B284E8-334A-4E56-8497-AFA01CA7364F}.Release|Any CPU.Build.0 = Release|Any CPU
		{7CB1D167-C5A0-45CF-A720-576FD243EA02}.Debug|Any CPU.ActiveCfg = Debug|Any CPU
		{7CB1D167-C5A0-45CF-A720-576FD243EA02}.Debug|Any CPU.Build.0 = Debug|Any CPU
		{7CB1D167-C5A0-45CF-A720-576FD243EA02}.Release|Any CPU.ActiveCfg = Release|Any CPU
		{7CB1D167-C5A0-45CF-A720-576FD243EA02}.Release|Any CPU.Build.0 = Release|Any CPU
		{CAE875D5-F960-47EF-993A-8E26674081E7}.Debug|Any CPU.ActiveCfg = Debug|Any CPU
		{CAE875D5-F960-47EF-993A-8E26674081E7}.Debug|Any CPU.Build.0 = Debug|Any CPU
		{CAE875D5-F960-47EF-993A-8E26674081E7}.Release|Any CPU.ActiveCfg = Release|Any CPU
		{CAE875D5-F960-47EF-993A-8E26674081E7}.Release|Any CPU.Build.0 = Release|Any CPU
		{031A2201-4EE8-4744-A271-5B34D4D766E0}.Debug|Any CPU.ActiveCfg = Debug|Any CPU
		{031A2201-4EE8-4744-A271-5B34D4D766E0}.Debug|Any CPU.Build.0 = Debug|Any CPU
		{031A2201-4EE8-4744-A271-5B34D4D766E0}.Release|Any CPU.ActiveCfg = Release|Any CPU
		{031A2201-4EE8-4744-A271-5B34D4D766E0}.Release|Any CPU.Build.0 = Release|Any CPU
	EndGlobalSection
	GlobalSection(SolutionProperties) = preSolution
		HideSolutionNode = FALSE
	EndGlobalSection
	GlobalSection(ExtensibilityGlobals) = postSolution
		SolutionGuid = {CF05AA64-EA22-401D-83BE-9A78B4A6CF35}
	EndGlobalSection
EndGlobal
